
Microsoft Visual Studio Solution File, Format Version 12.00
# Visual Studio Version 17
VisualStudioVersion = 17.4.33122.133
MinimumVisualStudioVersion = 10.0.40219.1
Project("{FAE04EC0-301F-11D3-BF4B-00C04F79EFBC}") = "DummyProject", "DummyProject\DummyProject.csproj", "{A145B5A0-369A-4903-B6F5-09EBCC76AC6C}"
EndProject
Project("{FAE04EC0-301F-11D3-BF4B-00C04F79EFBC}") = "FancyConsole", "FancyConsole\FancyConsole.csproj", "{9DBEE3D6-214A-43E0-9651-98898FDD49C6}"
EndProject
Global
	GlobalSection(SolutionConfigurationPlatforms) = preSolution
		Debug|Any CPU = Debug|Any CPU
		Release|Any CPU = Release|Any CPU
	EndGlobalSection
	GlobalSection(ProjectConfigurationPlatforms) = postSolution
		{A145B5A0-369A-4903-B6F5-09EBCC76AC6C}.Debug|Any CPU.ActiveCfg = Debug|Any CPU
		{A145B5A0-369A-4903-B6F5-09EBCC76AC6C}.Debug|Any CPU.Build.0 = Debug|Any CPU
		{A145B5A0-369A-4903-B6F5-09EBCC76AC6C}.Release|Any CPU.ActiveCfg = Release|Any CPU
		{A145B5A0-369A-4903-B6F5-09EBCC76AC6C}.Release|Any CPU.Build.0 = Release|Any CPU
		{9DBEE3D6-214A-43E0-9651-98898FDD49C6}.Debug|Any CPU.ActiveCfg = Debug|Any CPU
		{9DBEE3D6-214A-43E0-9651-98898FDD49C6}.Debug|Any CPU.Build.0 = Debug|Any CPU
		{9DBEE3D6-214A-43E0-9651-98898FDD49C6}.Release|Any CPU.ActiveCfg = Release|Any CPU
		{9DBEE3D6-214A-43E0-9651-98898FDD49C6}.Release|Any CPU.Build.0 = Release|Any CPU
	EndGlobalSection
	GlobalSection(SolutionProperties) = preSolution
		HideSolutionNode = FALSE
	EndGlobalSection
	GlobalSection(ExtensibilityGlobals) = postSolution
		SolutionGuid = {EC4C8986-69BB-4545-81A6-747B0F9B9877}
	EndGlobalSection
EndGlobal
